version = 1
revision = 3
requires-python = ">=3.12"

[[package]]
name = "annotated-types"
version = "0.7.0"
source = { registry = "https://pypi.org/simple" }
sdist = { url = "https://files.pythonhosted.org/packages/ee/67/531ea369ba64dcff5ec9c3402f9f51bf748cec26dde048a2f973a4eea7f5/annotated_types-0.7.0.tar.gz", hash = "sha256:aff07c09a53a08bc8cfccb9c85b05f1aa9a2a6f23728d790723543408344ce89", size = 16081, upload-time = "2024-05-20T21:33:25.928Z" }
wheels = [
    { url = "https://files.pythonhosted.org/packages/78/b6/6307fbef88d9b5ee7421e68d78a9f162e0da4900bc5f5793f6d3d0e34fb8/annotated_types-0.7.0-py3-none-any.whl", hash = "sha256:1f02e8b43a8fbbc3f3e0d4f0f4bfc8131bcb4eebe8849b8e5c773f3a1c582a53", size = 13643, upload-time = "2024-05-20T21:33:24.1Z" },
]

[[package]]
name = "anyio"
version = "4.4.0"
source = { registry = "https://pypi.org/simple" }
dependencies = [
    { name = "idna" },
    { name = "sniffio" },
]
sdist = { url = "https://files.pythonhosted.org/packages/e6/e3/c4c8d473d6780ef1853d630d581f70d655b4f8d7553c6997958c283039a2/anyio-4.4.0.tar.gz", hash = "sha256:5aadc6a1bbb7cdb0bede386cac5e2940f5e2ff3aa20277e991cf028e0585ce94", size = 163930, upload-time = "2024-05-26T22:02:15.75Z" }
wheels = [
    { url = "https://files.pythonhosted.org/packages/7b/a2/10639a79341f6c019dedc95bd48a4928eed9f1d1197f4c04f546fc7ae0ff/anyio-4.4.0-py3-none-any.whl", hash = "sha256:c1b2d8f46a8a812513012e1107cb0e68c17159a7a594208005a57dc776e1bdc7", size = 86780, upload-time = "2024-05-26T22:02:13.671Z" },
]

[[package]]
name = "certifi"
version = "2026.5.20"
source = { registry = "https://pypi.org/simple" }
sdist = { url = "https://files.pythonhosted.org/packages/f3/ce/ee2ecad540810a79593028e88299baeae54d346cc7a0d94b6199988b89b1/certifi-2026.5.20.tar.gz", hash = "sha256:69dea482ab64caa7b9f6aba1c6bf48bb6a5448d1c0f1b17ab42ad8c763a5344d", size = 135422, upload-time = "2026-05-20T11:46:50.073Z" }
wheels = [
    { url = "https://files.pythonhosted.org/packages/59/8c/57e832b7af6d7c5abe66eb3fbe3a3a32f4d11ea23a1aa7131371035be991/certifi-2026.5.20-py3-none-any.whl", hash = "sha256:3c52e209ba0a4ad7aebe60436a4ab349c39e1e602e8c134221e546902ad25897", size = 134134, upload-time = "2026-05-20T11:46:48.578Z" },
]

[[package]]
name = "click"
version = "8.4.0"
source = { registry = "https://pypi.org/simple" }
dependencies = [
    { name = "colorama", marker = "sys_platform == 'win32'" },
]
sdist = { url = "https://files.pythonhosted.org/packages/23/e4/796662cd90cf80e3a363c99db2b88e0e394b988a575f60a17e16440cd011/click-8.4.0.tar.gz", hash = "sha256:638f1338fe1235c8f4e008e4a8a254fb5c5fbdcbb40ece3c9142ebb78e792973", size = 350843, upload-time = "2026-05-17T00:47:58.425Z" }
wheels = [
    { url = "https://files.pythonhosted.org/packages/ee/ae/8e92f8058baf87f6c7d86ee7e457668690195cc77efedb8d3797a06e3940/click-8.4.0-py3-none-any.whl", hash = "sha256:40c50b7c6c6adac2823d411041ec84f3f103f1b280d5e9ce0d7f998995832f81", size = 116147, upload-time = "2026-05-17T00:47:56.842Z" },
]

[[package]]
name = "colorama"
version = "0.4.6"
source = { registry = "https://pypi.org/simple" }
sdist = { url = "https://files.pythonhosted.org/packages/d8/53/6f443c9a4a8358a93a6792e2acffb9d9d5cb0a5cfd8802644b7b1c9a02e4/colorama-0.4.6.tar.gz", hash = "sha256:08695f5cb7ed6e0531a20572697297273c47b8cae5a63ffc6d6ed5c201be6e44", size = 27697, upload-time = "2022-10-25T02:36:22.414Z" }
wheels = [
    { url = "https://files.pythonhosted.org/packages/d1/d6/3965ed04c63042e047cb6a3e6ed1a63a35087b6a609aa3a15ed8ac56c221/colorama-0.4.6-py2.py3-none-any.whl", hash = "sha256:4f1d9991f5acc0ca119f9d443620b77f9d6b33703e51011c16baf57afb285fc6", size = 25335, upload-time = "2022-10-25T02:36:20.889Z" },
]

[[package]]
name = "h11"
version = "0.16.0"
source = { registry = "https://pypi.org/simple" }
sdist = { url = "https://files.pythonhosted.org/packages/01/ee/02a2c011bdab74c6fb3c75474d40b3052059d95df7e73351460c8588d963/h11-0.16.0.tar.gz", hash = "sha256:4e35b956cf45792e4caa5885e69fba00bdbc6ffafbfa020300e549b208ee5ff1", size = 101250, upload-time = "2025-04-24T03:35:25.427Z" }
wheels = [
    { url = "https://files.pythonhosted.org/packages/04/4b/29cac41a4d98d144bf5f6d33995617b185d14b22401f75ca86f384e87ff1/h11-0.16.0-py3-none-any.whl", hash = "sha256:63cf8bbe7522de3bf65932fda1d9c2772064ffb3dae62d55932da54b31cb6c86", size = 37515, upload-time = "2025-04-24T03:35:24.344Z" },
]

[[package]]
name = "httpcore"
version = "1.0.9"
source = { registry = "https://pypi.org/simple" }
dependencies = [
    { name = "certifi" },
    { name = "h11" },
]
sdist = { url = "https://files.pythonhosted.org/packages/06/94/82699a10bca87a5556c9c59b5963f2d039dbd239f25bc2a63907a05a14cb/httpcore-1.0.9.tar.gz", hash = "sha256:6e34463af53fd2ab5d807f399a9b45ea31c3dfa2276f15a2c3f00afff6e176e8", size = 85484, upload-time = "2025-04-24T22:06:22.219Z" }
wheels = [
    { url = "https://files.pythonhosted.org/packages/7e/f5/f66802a942d491edb555dd61e3a9961140fd64c90bce1eafd741609d334d/httpcore-1.0.9-py3-none-any.whl", hash = "sha256:2d400746a40668fc9dec9810239072b40b4484b640a8c38fd654a024c7a1bf55", size = 78784, upload-time = "2025-04-24T22:06:20.566Z" },
]

[[package]]
name = "httpx"
version = "0.27.0"
source = { registry = "https://pypi.org/simple" }
dependencies = [
    { name = "anyio" },
    { name = "certifi" },
    { name = "httpcore" },
    { name = "idna" },
    { name = "sniffio" },
]
sdist = { url = "https://files.pythonhosted.org/packages/5c/2d/3da5bdf4408b8b2800061c339f240c1802f2e82d55e50bd39c5a881f47f0/httpx-0.27.0.tar.gz", hash = "sha256:a0cb88a46f32dc874e04ee956e4c2764aba2aa228f650b06788ba6bda2962ab5", size = 126413, upload-time = "2024-02-21T13:07:52.434Z" }
wheels = [
    { url = "https://files.pythonhosted.org/packages/41/7b/ddacf6dcebb42466abd03f368782142baa82e08fc0c1f8eaa05b4bae87d5/httpx-0.27.0-py3-none-any.whl", hash = "sha256:71d5465162c13681bff01ad59b2cc68dd838ea1f10e51574bac27103f00c91a5", size = 75590, upload-time = "2024-02-21T13:07:50.455Z" },
]

[[package]]
name = "idna"
version = "3.15"
source = { registry = "https://pypi.org/simple" }
sdist = { url = "https://files.pythonhosted.org/packages/82/77/7b3966d0b9d1d31a36ddf1746926a11dface89a83409bf1483f0237aa758/idna-3.15.tar.gz", hash = "sha256:ca962446ea538f7092a95e057da437618e886f4d349216d2b1e294abfdb65fdc", size = 199245, upload-time = "2026-05-12T22:45:57.011Z" }
wheels = [
    { url = "https://files.pythonhosted.org/packages/d2/23/408243171aa9aaba178d3e2559159c24c1171a641aa83b67bdd3394ead8e/idna-3.15-py3-none-any.whl", hash = "sha256:048adeaf8c2d788c40fee287673ccaa74c24ffd8dcf09ffa555a2fbb59f10ac8", size = 72340, upload-time = "2026-05-12T22:45:55.733Z" },
]

[[package]]
name = "iniconfig"
version = "2.3.0"
source = { registry = "https://pypi.org/simple" }
sdist = { url = "https://files.pythonhosted.org/packages/72/34/14ca021ce8e5dfedc35312d08ba8bf51fdd999c576889fc2c24cb97f4f10/iniconfig-2.3.0.tar.gz", hash = "sha256:c76315c77db068650d49c5b56314774a7804df16fee4402c1f19d6d15d8c4730", size = 20503, upload-time = "2025-10-18T21:55:43.219Z" }
wheels = [
    { url = "https://files.pythonhosted.org/packages/cb/b1/3846dd7f199d53cb17f49cba7e651e9ce294d8497c8c150530ed11865bb8/iniconfig-2.3.0-py3-none-any.whl", hash = "sha256:f631c04d2c48c52b84d0d0549c99ff3859c98df65b3101406327ecc7d53fbf12", size = 7484, upload-time = "2025-10-18T21:55:41.639Z" },
]

[[package]]
name = "markdown-it-py"
version = "4.2.0"
source = { registry = "https://pypi.org/simple" }
dependencies = [
    { name = "mdurl" },
]
sdist = { url = "https://files.pythonhosted.org/packages/06/ff/7841249c247aa650a76b9ee4bbaeae59370dc8bfd2f6c01f3630c35eb134/markdown_it_py-4.2.0.tar.gz", hash = "sha256:04a21681d6fbb623de53f6f364d352309d4094dd4194040a10fd51833e418d49", size = 82454, upload-time = "2026-05-07T12:08:28.36Z" }
wheels = [
    { url = "https://files.pythonhosted.org/packages/b3/81/4da04ced5a082363ecfa159c010d200ecbd959ae410c10c0264a38cac0f5/markdown_it_py-4.2.0-py3-none-any.whl", hash = "sha256:9f7ebbcd14fe59494226453aed97c1070d83f8d24b6fc3a3bcf9a38092641c4a", size = 91687, upload-time = "2026-05-07T12:08:27.182Z" },
]

[[package]]
name = "mdurl"
version = "0.1.2"
source = { registry = "https://pypi.org/simple" }
sdist = { url = "https://files.pythonhosted.org/packages/d6/54/cfe61301667036ec958cb99bd3efefba235e65cdeb9c84d24a8293ba1d90/mdurl-0.1.2.tar.gz", hash = "sha256:bb413d29f5eea38f31dd4754dd7377d4465116fb207585f97bf925588687c1ba", size = 8729, upload-time = "2022-08-14T12:40:10.846Z" }
wheels = [
    { url = "https://files.pythonhosted.org/packages/b3/38/89ba8ad64ae25be8de66a6d463314cf1eb366222074cfda9ee839c56a4b4/mdurl-0.1.2-py3-none-any.whl", hash = "sha256:84008a41e51615a49fc9966191ff91509e3c40b939176e643fd50a5c2196b8f8", size = 9979, upload-time = "2022-08-14T12:40:09.779Z" },
]

[[package]]
name = "mypy"
version = "1.10.0"
source = { registry = "https://pypi.org/simple" }
dependencies = [
    { name = "mypy-extensions" },
    { name = "typing-extensions" },
]
sdist = { url = "https://files.pythonhosted.org/packages/c3/b6/297734bb9f20ddf5e831cf4a83f422ddef5a29a33463999f0959d9cdc2df/mypy-1.10.0.tar.gz", hash = "sha256:3d087fcbec056c4ee34974da493a826ce316947485cef3901f511848e687c131", size = 3022145, upload-time = "2024-04-24T13:53:30.447Z" }
wheels = [
    { url = "https://files.pythonhosted.org/packages/30/30/6da95275426cfd21fc0c2e96d85a45d35fc4f7d37bd3286fa49f8f465447/mypy-1.10.0-cp312-cp312-macosx_10_9_x86_64.whl", hash = "sha256:a781f6ad4bab20eef8b65174a57e5203f4be627b46291f4589879bf4e257b97b", size = 10867123, upload-time = "2024-04-24T13:53:13.417Z" },
    { url = "https://files.pythonhosted.org/packages/8c/d3/61cf1fae3b79d264f9f27de97e6e8fab8a37c85fdada5a46b6de333319f8/mypy-1.10.0-cp312-cp312-macosx_11_0_arm64.whl", hash = "sha256:b808e12113505b97d9023b0b5e0c0705a90571c6feefc6f215c1df9381256e30", size = 9859921, upload-time = "2024-04-24T13:53:27.85Z" },
    { url = "https://files.pythonhosted.org/packages/08/5d/a46e5222bd69a873a896ab4f0b5948979e03dce46c7712ccaa5204ca8d02/mypy-1.10.0-cp312-cp312-manylinux_2_17_x86_64.manylinux2014_x86_64.whl", hash = "sha256:8f55583b12156c399dce2df7d16f8a5095291354f1e839c252ec6c0611e86e2e", size = 12647776, upload-time = "2024-04-24T13:52:49.635Z" },
    { url = "https://files.pythonhosted.org/packages/1d/6a/d8df60f2e48291f1a790ded56fd96421ac6a992f33c2571c0bdf0552d83a/mypy-1.10.0-cp312-cp312-musllinux_1_1_x86_64.whl", hash = "sha256:4cf18f9d0efa1b16478c4c129eabec36148032575391095f73cae2e722fcf9d5", size = 12726191, upload-time = "2024-04-24T13:53:19.413Z" },
    { url = "https://files.pythonhosted.org/packages/5a/93/9a015720bcf484d4202ea7fc5960c328c82d5eb1578950d586339ec15084/mypy-1.10.0-cp312-cp312-win_amd64.whl", hash = "sha256:bc6ac273b23c6b82da3bb25f4136c4fd42665f17f2cd850771cb600bdd2ebeda", size = 9450377, upload-time = "2024-04-24T13:52:52.233Z" },
    { url = "https://files.pythonhosted.org/packages/e9/39/0148f7ee1b7f3a86d378a23b88cb85c432f83914ceb60364efa1769c598f/mypy-1.10.0-py3-none-any.whl", hash = "sha256:f8c083976eb530019175aabadb60921e73b4f45736760826aa1689dda8208aee", size = 2580084, upload-time = "2024-04-24T13:52:13.843Z" },
]

[[package]]
name = "mypy-extensions"
version = "1.1.0"
source = { registry = "https://pypi.org/simple" }
sdist = { url = "https://files.pythonhosted.org/packages/a2/6e/371856a3fb9d31ca8dac321cda606860fa4548858c0cc45d9d1d4ca2628b/mypy_extensions-1.1.0.tar.gz", hash = "sha256:52e68efc3284861e772bbcd66823fde5ae21fd2fdb51c62a211403730b916558", size = 6343, upload-time = "2025-04-22T14:54:24.164Z" }
wheels = [
    { url = "https://files.pythonhosted.org/packages/79/7b/2c79738432f5c924bef5071f933bcc9efd0473bac3b4aa584a6f7c1c8df8/mypy_extensions-1.1.0-py3-none-any.whl", hash = "sha256:1be4cccdb0f2482337c4743e60421de3a356cd97508abadd57d47403e94f5505", size = 4963, upload-time = "2025-04-22T14:54:22.983Z" },
]

[[package]]
name = "nobodynamed-video"
version = "0.1.0"
source = { editable = "." }
dependencies = [
    { name = "anyio" },
    { name = "httpx" },
    { name = "pydantic" },
    { name = "pydantic-settings" },
    { name = "rich" },
    { name = "ruamel-yaml" },
    { name = "typer" },
]

[package.dev-dependencies]
dev = [
    { name = "mypy" },
    { name = "pytest" },
    { name = "pytest-asyncio" },
    { name = "pytest-httpx" },
    { name = "respx" },
    { name = "ruff" },
]

[package.metadata]
requires-dist = [
    { name = "anyio", specifier = "==4.4.0" },
    { name = "httpx", specifier = "==0.27.0" },
    { name = "pydantic", specifier = "==2.7.4" },
    { name = "pydantic-settings", specifier = "==2.3.4" },
    { name = "rich", specifier = "==13.7.1" },
    { name = "ruamel-yaml", specifier = "==0.18.6" },
    { name = "typer", specifier = "==0.12.3" },
]

[package.metadata.requires-dev]
dev = [
    { name = "mypy", specifier = "==1.10.0" },
    { name = "pytest", specifier = "==8.2.2" },
    { name = "pytest-asyncio", specifier = "==0.23.7" },
    { name = "pytest-httpx", specifier = "==0.30.0" },
    { name = "respx", specifier = "==0.21.1" },
    { name = "ruff", specifier = "==0.4.9" },
]

[[package]]
name = "packaging"
version = "26.2"
source = { registry = "https://pypi.org/simple" }
sdist = { url = "https://files.pythonhosted.org/packages/d7/f1/e7a6dd94a8d4a5626c03e4e99c87f241ba9e350cd9e6d75123f992427270/packaging-26.2.tar.gz", hash = "sha256:ff452ff5a3e828ce110190feff1178bb1f2ea2281fa2075aadb987c2fb221661", size = 228134, upload-time = "2026-04-24T20:15:23.917Z" }
wheels = [
    { url = "https://files.pythonhosted.org/packages/df/b2/87e62e8c3e2f4b32e5fe99e0b86d576da1312593b39f47d8ceef365e95ed/packaging-26.2-py3-none-any.whl", hash = "sha256:5fc45236b9446107ff2415ce77c807cee2862cb6fac22b8a73826d0693b0980e", size = 100195, upload-time = "2026-04-24T20:15:22.081Z" },
]

[[package]]
name = "pluggy"
version = "1.6.0"
source = { registry = "https://pypi.org/simple" }
sdist = { url = "https://files.pythonhosted.org/packages/f9/e2/3e91f31a7d2b083fe6ef3fa267035b518369d9511ffab804f839851d2779/pluggy-1.6.0.tar.gz", hash = "sha256:7dcc130b76258d33b90f61b658791dede3486c3e6bfb003ee5c9bfb396dd22f3", size = 69412, upload-time = "2025-05-15T12:30:07.975Z" }
wheels = [
    { url = "https://files.pythonhosted.org/packages/54/20/4d324d65cc6d9205fabedc306948156824eb9f0ee1633355a8f7ec5c66bf/pluggy-1.6.0-py3-none-any.whl", hash = "sha256:e920276dd6813095e9377c0bc5566d94c932c33b27a3e3945d8389c374dd4746", size = 20538, upload-time = "2025-05-15T12:30:06.134Z" },
]

[[package]]
name = "pydantic"
version = "2.7.4"
source = { registry = "https://pypi.org/simple" }
dependencies = [
    { name = "annotated-types" },
    { name = "pydantic-core" },
    { name = "typing-extensions" },
]
sdist = { url = "https://files.pythonhosted.org/packages/0d/fc/ccd0e8910bc780f1a4e1ab15e97accbb1f214932e796cff3131f9a943967/pydantic-2.7.4.tar.gz", hash = "sha256:0c84efd9548d545f63ac0060c1e4d39bb9b14db8b3c0652338aecc07b5adec52", size = 714127, upload-time = "2024-06-12T14:11:57.601Z" }
wheels = [
    { url = "https://files.pythonhosted.org/packages/17/ba/1b65c9cbc49e0c7cd1be086c63209e9ad883c2a409be4746c21db4263f41/pydantic-2.7.4-py3-none-any.whl", hash = "sha256:ee8538d41ccb9c0a9ad3e0e5f07bf15ed8015b481ced539a1759d8cc89ae90d0", size = 409017, upload-time = "2024-06-12T14:11:54.176Z" },
]

[[package]]
name = "pydantic-core"
version = "2.18.4"
source = { registry = "https://pypi.org/simple" }
dependencies = [
    { name = "typing-extensions" },
]
sdist = { url = "https://files.pythonhosted.org/packages/02/d0/622cdfe12fb138d035636f854eb9dc414f7e19340be395799de87c1de6f6/pydantic_core-2.18.4.tar.gz", hash = "sha256:ec3beeada09ff865c344ff3bc2f427f5e6c26401cc6113d77e372c3fdac73864", size = 385098, upload-time = "2024-06-03T17:47:57.143Z" }
wheels = [
    { url = "https://files.pythonhosted.org/packages/e0/37/a46d4741a88f7223ef3ec68490e638fb93570127f28fd76cbc2c89c0a7ec/pydantic_core-2.18.4-cp312-cp312-macosx_10_12_x86_64.whl", hash = "sha256:6f5c4d41b2771c730ea1c34e458e781b18cc668d194958e0112455fff4e402b2", size = 1846298, upload-time = "2024-06-03T17:45:28.012Z" },
    { url = "https://files.pythonhosted.org/packages/e9/93/46f546b40aba72683032c167aef9ccd568a54e28f28687081d10a6735294/pydantic_core-2.18.4-cp312-cp312-macosx_11_0_arm64.whl", hash = "sha256:2fdf2156aa3d017fddf8aea5adfba9f777db1d6022d392b682d2a8329e087cef", size = 1766852, upload-time = "2024-06-03T17:45:30.749Z" },
    { url = "https://files.pythonhosted.org/packages/e5/84/864556db336393f2433eda50b7e047a8d485b95dd48d1d277750ce0042bf/pydantic_core-2.18.4-cp312-cp312-manylinux_2_17_aarch64.manylinux2014_aarch64.whl", hash = "sha256:4748321b5078216070b151d5271ef3e7cc905ab170bbfd27d5c83ee3ec436695", size = 1786599, upload-time = "2024-06-03T17:45:32.689Z" },
    { url = "https://files.pythonhosted.org/packages/79/7b/a4f002cf3603672de868ae913dec7d561509bcd17401f4cc719ab8a46213/pydantic_core-2.18.4-cp312-cp312-manylinux_2_17_armv7l.manylinux2014_armv7l.whl", hash = "sha256:847a35c4d58721c5dc3dba599878ebbdfd96784f3fb8bb2c356e123bdcd73f34", size = 1769558, upload-time = "2024-06-03T17:45:34.746Z" },
    { url = "https://files.pythonhosted.org/packages/bc/36/c3e7665d84f692b095d11e9f4af71bfc339471b7153d22a7526584b75b92/pydantic_core-2.18.4-cp312-cp312-manylinux_2_17_ppc64le.manylinux2014_ppc64le.whl", hash = "sha256:3c40d4eaad41f78e3bbda31b89edc46a3f3dc6e171bf0ecf097ff7a0ffff7cb1", size = 1976988, upload-time = "2024-06-03T17:45:37.691Z" },
    { url = "https://files.pythonhosted.org/packages/c8/91/4bbb89ef7aade8095bbb26055c16d8026a3bbe97f6ad9a827f8265c00350/pydantic_core-2.18.4-cp312-cp312-manylinux_2_17_s390x.manylinux2014_s390x.whl", hash = "sha256:21a5e440dbe315ab9825fcd459b8814bb92b27c974cbc23c3e8baa2b76890077", size = 2792471, upload-time = "2024-06-03T17:45:39.976Z" },
    { url = "https://files.pythonhosted.org/packages/d8/36/5676d758ccb008de9ae48db1614ffaa381e1971677e4a7e365cb7004e61c/pydantic_core-2.18.4-cp312-cp312-manylinux_2_17_x86_64.manylinux2014_x86_64.whl", hash = "sha256:01dd777215e2aa86dfd664daed5957704b769e726626393438f9c87690ce78c3", size = 2082097, upload-time = "2024-06-03T17:45:42.323Z" },
    { url = "https://files.pythonhosted.org/packages/a0/d7/05be10426e0a338a84dc2699c143d8d1a3ad2a79aefe0dd0ce17a7dea81d/pydantic_core-2.18.4-cp312-cp312-manylinux_2_5_i686.manylinux1_i686.whl", hash = "sha256:4b06beb3b3f1479d32befd1f3079cc47b34fa2da62457cdf6c963393340b56e9", size = 1902982, upload-time = "2024-06-03T17:45:45.209Z" },
    { url = "https://files.pythonhosted.org/packages/73/c8/784718a31831eda4446ba3d5c9d9a259a10d01f71f9684300f1bbac65d2f/pydantic_core-2.18.4-cp312-cp312-musllinux_1_1_aarch64.whl", hash = "sha256:564d7922e4b13a16b98772441879fcdcbe82ff50daa622d681dd682175ea918c", size = 2001850, upload-time = "2024-06-03T17:45:47.728Z" },
    { url = "https://files.pythonhosted.org/packages/83/f8/9d59e352b3d168984b2e67e347365afe9698f08b2167e9582a03abf4f961/pydantic_core-2.18.4-cp312-cp312-musllinux_1_1_x86_64.whl", hash = "sha256:0eb2a4f660fcd8e2b1c90ad566db2b98d7f3f4717c64fe0a83e0adb39766d5b8", size = 2115674, upload-time = "2024-06-03T17:45:50.667Z" },
    { url = "https://files.pythonhosted.org/packages/0f/98/fb23c03b5b96a4e6196d24ebc05026dbcd3ec05e9b0c85ae34a3c40f6d58/pydantic_core-2.18.4-cp312-none-win32.whl", hash = "sha256:8b8bab4c97248095ae0c4455b5a1cd1cdd96e4e4769306ab19dda135ea4cdb07", size = 1721997, upload-time = "2024-06-03T17:45:53.432Z" },
    { url = "https://files.pythonhosted.org/packages/d9/c9/85bbe091e0f0f5a99f38cda2774b810ac593fd36dae2f9d777e215d2fa6b/pydantic_core-2.18.4-cp312-none-win_amd64.whl", hash = "sha256:14601cdb733d741b8958224030e2bfe21a4a881fb3dd6fbb21f071cabd48fa0a", size = 1905580, upload-time = "2024-06-03T17:45:56.018Z" },
    { url = "https://files.pythonhosted.org/packages/35/ea/fba944f8e29860a3e1d535223427a657e7b29118e114188b3e2fda02c69e/pydantic_core-2.18.4-cp312-none-win_arm64.whl", hash = "sha256:c1322d7dd74713dcc157a2b7898a564ab091ca6c58302d5c7b4c07296e3fd00f", size = 1781973, upload-time = "2024-06-03T17:45:58.367Z" },
]

[[package]]
name = "pydantic-settings"
version = "2.3.4"
source = { registry = "https://pypi.org/simple" }
dependencies = [
    { name = "pydantic" },
    { name = "python-dotenv" },
]
sdist = { url = "https://files.pythonhosted.org/packages/d9/11/fd8ae4050bc80b7d00a4396fb0c1c5acd6a7eabb3a9a38f653f7f16f6bd0/pydantic_settings-2.3.4.tar.gz", hash = "sha256:c5802e3d62b78e82522319bbc9b8f8ffb28ad1c988a99311d04f2a6051fca0a7", size = 59231, upload-time = "2024-06-24T15:55:45.132Z" }
wheels = [
    { url = "https://files.pythonhosted.org/packages/e8/4f/aad03d5f711717d94d7de9684cb542343b392df1ad6889118636674fc983/pydantic_settings-2.3.4-py3-none-any.whl", hash = "sha256:11ad8bacb68a045f00e4f862c7a718c8a9ec766aa8fd4c32e39a0594b207b53a", size = 22562, upload-time = "2024-06-24T15:55:40.899Z" },
]

[[package]]
name = "pygments"
version = "2.20.0"
source = { registry = "https://pypi.org/simple" }
sdist = { url = "https://files.pythonhosted.org/packages/c3/b2/bc9c9196916376152d655522fdcebac55e66de6603a76a02bca1b6414f6c/pygments-2.20.0.tar.gz", hash = "sha256:6757cd03768053ff99f3039c1a36d6c0aa0b263438fcab17520b30a303a82b5f", size = 4955991, upload-time = "2026-03-29T13:29:33.898Z" }
wheels = [
    { url = "https://files.pythonhosted.org/packages/f4/7e/a72dd26f3b0f4f2bf1dd8923c85f7ceb43172af56d63c7383eb62b332364/pygments-2.20.0-py3-none-any.whl", hash = "sha256:81a9e26dd42fd28a23a2d169d86d7ac03b46e2f8b59ed4698fb4785f946d0176", size = 1231151, upload-time = "2026-03-29T13:29:30.038Z" },
]

[[package]]
name = "pytest"
version = "8.2.2"
source = { registry = "https://pypi.org/simple" }
dependencies = [
    { name = "colorama", marker = "sys_platform == 'win32'" },
    { name = "iniconfig" },
    { name = "packaging" },
    { name = "pluggy" },
]
sdist = { url = "https://files.pythonhosted.org/packages/a6/58/e993ca5357553c966b9e73cb3475d9c935fe9488746e13ebdf9b80fae508/pytest-8.2.2.tar.gz", hash = "sha256:de4bb8104e201939ccdc688b27a89a7be2079b22e2bd2b07f806b6ba71117977", size = 1427980, upload-time = "2024-06-04T13:38:09.274Z" }
wheels = [
    { url = "https://files.pythonhosted.org/packages/4e/e7/81ebdd666d3bff6670d27349b5053605d83d55548e6bd5711f3b0ae7dd23/pytest-8.2.2-py3-none-any.whl", hash = "sha256:c434598117762e2bd304e526244f67bf66bbd7b5d6cf22138be51ff661980343", size = 339873, upload-time = "2024-06-04T13:38:05.285Z" },
]

[[package]]
name = "pytest-asyncio"
version = "0.23.7"
source = { registry = "https://pypi.org/simple" }
dependencies = [
    { name = "pytest" },
]
sdist = { url = "https://files.pythonhosted.org/packages/13/d9/1dcac9b3fc6eccf8f1e3a657439c11ffc5cf762edd20f65577f832ba248b/pytest_asyncio-0.23.7.tar.gz", hash = "sha256:5f5c72948f4c49e7db4f29f2521d4031f1c27f86e57b046126654083d4770268", size = 46296, upload-time = "2024-05-19T11:56:08.552Z" }
wheels = [
    { url = "https://files.pythonhosted.org/packages/e5/98/947690b1a79af83e584143cb904497caff05bb6016614b38326a81076357/pytest_asyncio-0.23.7-py3-none-any.whl", hash = "sha256:009b48127fbe44518a547bddd25611551b0e43ccdbf1e67d12479f569832c20b", size = 17585, upload-time = "2024-05-19T11:56:06.431Z" },
]

[[package]]
name = "pytest-httpx"
version = "0.30.0"
source = { registry = "https://pypi.org/simple" }
dependencies = [
    { name = "httpx" },
    { name = "pytest" },
]
sdist = { url = "https://files.pythonhosted.org/packages/84/82/28ae814b16ac7c756d4a53797fbec98965b7d84dad3e50c3b4d56d3c0c77/pytest-httpx-0.30.0.tar.gz", hash = "sha256:755b8edca87c974dd4f3605c374fda11db84631de3d163b99c0df5807023a19a", size = 36959, upload-time = "2024-02-21T17:59:56.587Z" }
wheels = [
    { url = "https://files.pythonhosted.org/packages/14/60/ba9895a260e16c1115e40f8ae6f615c7e8ccdfa5d55418078391dd30b476/pytest_httpx-0.30.0-py3-none-any.whl", hash = "sha256:6d47849691faf11d2532565d0c8e0e02b9f4ee730da31687feae315581d7520c", size = 15373, upload-time = "2024-02-21T17:59:54.488Z" },
]

[[package]]
name = "python-dotenv"
version = "1.2.2"
source = { registry = "https://pypi.org/simple" }
sdist = { url = "https://files.pythonhosted.org/packages/82/ed/0301aeeac3e5353ef3d94b6ec08bbcabd04a72018415dcb29e588514bba8/python_dotenv-1.2.2.tar.gz", hash = "sha256:2c371a91fbd7ba082c2c1dc1f8bf89ca22564a087c2c287cd9b662adde799cf3", size = 50135, upload-time = "2026-03-01T16:00:26.196Z" }
wheels = [
    { url = "https://files.pythonhosted.org/packages/0b/d7/1959b9648791274998a9c3526f6d0ec8fd2233e4d4acce81bbae76b44b2a/python_dotenv-1.2.2-py3-none-any.whl", hash = "sha256:1d8214789a24de455a8b8bd8ae6fe3c6b69a5e3d64aa8a8e5d68e694bbcb285a", size = 22101, upload-time = "2026-03-01T16:00:25.09Z" },
]

[[package]]
name = "respx"
version = "0.21.1"
source = { registry = "https://pypi.org/simple" }
dependencies = [
    { name = "httpx" },
]
sdist = { url = "https://files.pythonhosted.org/packages/fd/72/979e475ade69bcbb18288604aacbdc77b44b3bd1133e2c16660282a9f4b8/respx-0.21.1.tar.gz", hash = "sha256:0bd7fe21bfaa52106caa1223ce61224cf30786985f17c63c5d71eff0307ee8af", size = 28306, upload-time = "2024-03-27T20:41:59.929Z" }
wheels = [
    { url = "https://files.pythonhosted.org/packages/a5/5c/428523509b26c243c1e93aa2ae385def597ef1fbdbbd47978430ba19037d/respx-0.21.1-py2.py3-none-any.whl", hash = "sha256:05f45de23f0c785862a2c92a3e173916e8ca88e4caad715dd5f68584d6053c20", size = 25130, upload-time = "2024-03-27T20:41:55.709Z" },
]

[[package]]
name = "rich"
version = "13.7.1"
source = { registry = "https://pypi.org/simple" }
dependencies = [
    { name = "markdown-it-py" },
    { name = "pygments" },
]
sdist = { url = "https://files.pythonhosted.org/packages/b3/01/c954e134dc440ab5f96952fe52b4fdc64225530320a910473c1fe270d9aa/rich-13.7.1.tar.gz", hash = "sha256:9be308cb1fe2f1f57d67ce99e95af38a1e2bc71ad9813b0e247cf7ffbcc3a432", size = 221248, upload-time = "2024-02-28T14:51:19.472Z" }
wheels = [
    { url = "https://files.pythonhosted.org/packages/87/67/a37f6214d0e9fe57f6ae54b2956d550ca8365857f42a1ce0392bb21d9410/rich-13.7.1-py3-none-any.whl", hash = "sha256:4edbae314f59eb482f54e9e30bf00d33350aaa94f4bfcd4e9e3110e64d0d7222", size = 240681, upload-time = "2024-02-28T14:51:14.353Z" },
]

[[package]]
name = "ruamel-yaml"
version = "0.18.6"
source = { registry = "https://pypi.org/simple" }
dependencies = [
    { name = "ruamel-yaml-clib", marker = "python_full_version < '3.13' and platform_python_implementation == 'CPython'" },
]
sdist = { url = "https://files.pythonhosted.org/packages/29/81/4dfc17eb6ebb1aac314a3eb863c1325b907863a1b8b1382cdffcb6ac0ed9/ruamel.yaml-0.18.6.tar.gz", hash = "sha256:8b27e6a217e786c6fbe5634d8f3f11bc63e0f80f6a5890f28863d9c45aac311b", size = 143362, upload-time = "2024-02-07T06:47:20.283Z" }
wheels = [
    { url = "https://files.pythonhosted.org/packages/73/67/8ece580cc363331d9a53055130f86b096bf16e38156e33b1d3014fffda6b/ruamel.yaml-0.18.6-py3-none-any.whl", hash = "sha256:57b53ba33def16c4f3d807c0ccbc00f8a6081827e81ba2491691b76882d0c636", size = 117761, upload-time = "2024-02-07T06:47:14.898Z" },
]

[[package]]
name = "ruamel-yaml-clib"
version = "0.2.15"
source = { registry = "https://pypi.org/simple" }
sdist = { url = "https://files.pythonhosted.org/packages/ea/97/60fda20e2fb54b83a61ae14648b0817c8f5d84a3821e40bfbdae1437026a/ruamel_yaml_clib-0.2.15.tar.gz", hash = "sha256:46e4cc8c43ef6a94885f72512094e482114a8a706d3c555a34ed4b0d20200600", size = 225794, upload-time = "2025-11-16T16:12:59.761Z" }
wheels = [
    { url = "https://files.pythonhosted.org/packages/72/4b/5fde11a0722d676e469d3d6f78c6a17591b9c7e0072ca359801c4bd17eee/ruamel_yaml_clib-0.2.15-cp312-cp312-macosx_10_13_x86_64.whl", hash = "sha256:cb15a2e2a90c8475df45c0949793af1ff413acfb0a716b8b94e488ea95ce7cff", size = 149088, upload-time = "2025-11-16T16:13:22.836Z" },
    { url = "https://files.pythonhosted.org/packages/85/82/4d08ac65ecf0ef3b046421985e66301a242804eb9a62c93ca3437dc94ee0/ruamel_yaml_clib-0.2.15-cp312-cp312-macosx_11_0_arm64.whl", hash = "sha256:64da03cbe93c1e91af133f5bec37fd24d0d4ba2418eaf970d7166b0a26a148a2", size = 134553, upload-time = "2025-11-16T16:13:24.151Z" },
    { url = "https://files.pythonhosted.org/packages/b9/cb/22366d68b280e281a932403b76da7a988108287adff2bfa5ce881200107a/ruamel_yaml_clib-0.2.15-cp312-cp312-manylinux1_i686.manylinux_2_28_i686.manylinux_2_5_i686.whl", hash = "sha256:f6d3655e95a80325b84c4e14c080b2470fe4f33b6846f288379ce36154993fb1", size = 737468, upload-time = "2025-11-16T20:22:47.335Z" },
    { url = "https://files.pythonhosted.org/packages/71/73/81230babf8c9e33770d43ed9056f603f6f5f9665aea4177a2c30ae48e3f3/ruamel_yaml_clib-0.2.15-cp312-cp312-manylinux2014_aarch64.manylinux_2_17_aarch64.manylinux_2_28_aarch64.whl", hash = "sha256:71845d377c7a47afc6592aacfea738cc8a7e876d586dfba814501d8c53c1ba60", size = 753349, upload-time = "2025-11-16T16:13:26.269Z" },
    { url = "https://files.pythonhosted.org/packages/61/62/150c841f24cda9e30f588ef396ed83f64cfdc13b92d2f925bb96df337ba9/ruamel_yaml_clib-0.2.15-cp312-cp312-manylinux2014_x86_64.manylinux_2_17_x86_64.manylinux_2_28_x86_64.whl", hash = "sha256:11e5499db1ccbc7f4b41f0565e4f799d863ea720e01d3e99fa0b7b5fcd7802c9", size = 788211, upload-time = "2025-11-16T16:13:27.441Z" },
    { url = "https://files.pythonhosted.org/packages/30/93/e79bd9cbecc3267499d9ead919bd61f7ddf55d793fb5ef2b1d7d92444f35/ruamel_yaml_clib-0.2.15-cp312-cp312-musllinux_1_2_aarch64.whl", hash = "sha256:4b293a37dc97e2b1e8a1aec62792d1e52027087c8eea4fc7b5abd2bdafdd6642", size = 743203, upload-time = "2025-11-16T16:13:28.671Z" },
    { url = "https://files.pythonhosted.org/packages/8d/06/1eb640065c3a27ce92d76157f8efddb184bd484ed2639b712396a20d6dce/ruamel_yaml_clib-0.2.15-cp312-cp312-musllinux_1_2_i686.whl", hash = "sha256:512571ad41bba04eac7268fe33f7f4742210ca26a81fe0c75357fa682636c690", size = 747292, upload-time = "2025-11-16T20:22:48.584Z" },
    { url = "https://files.pythonhosted.org/packages/a5/21/ee353e882350beab65fcc47a91b6bdc512cace4358ee327af2962892ff16/ruamel_yaml_clib-0.2.15-cp312-cp312-musllinux_1_2_x86_64.whl", hash = "sha256:e5e9f630c73a490b758bf14d859a39f375e6999aea5ddd2e2e9da89b9953486a", size = 771624, upload-time = "2025-11-16T16:13:29.853Z" },
    { url = "https://files.pythonhosted.org/packages/57/34/cc1b94057aa867c963ecf9ea92ac59198ec2ee3a8d22a126af0b4d4be712/ruamel_yaml_clib-0.2.15-cp312-cp312-win32.whl", hash = "sha256:f4421ab780c37210a07d138e56dd4b51f8642187cdfb433eb687fe8c11de0144", size = 100342, upload-time = "2025-11-16T16:13:31.067Z" },
    { url = "https://files.pythonhosted.org/packages/b3/e5/8925a4208f131b218f9a7e459c0d6fcac8324ae35da269cb437894576366/ruamel_yaml_clib-0.2.15-cp312-cp312-win_amd64.whl", hash = "sha256:2b216904750889133d9222b7b873c199d48ecbb12912aca78970f84a5aa1a4bc", size = 119013, upload-time = "2025-11-16T16:13:32.164Z" },
    { url = "https://files.pythonhosted.org/packages/17/5e/2f970ce4c573dc30c2f95825f2691c96d55560268ddc67603dc6ea2dd08e/ruamel_yaml_clib-0.2.15-cp313-cp313-macosx_10_13_x86_64.whl", hash = "sha256:4dcec721fddbb62e60c2801ba08c87010bd6b700054a09998c4d09c08147b8fb", size = 147450, upload-time = "2025-11-16T16:13:33.542Z" },
    { url = "https://files.pythonhosted.org/packages/d6/03/a1baa5b94f71383913f21b96172fb3a2eb5576a4637729adbf7cd9f797f8/ruamel_yaml_clib-0.2.15-cp313-cp313-macosx_11_0_arm64.whl", hash = "sha256:65f48245279f9bb301d1276f9679b82e4c080a1ae25e679f682ac62446fac471", size = 133139, upload-time = "2025-11-16T16:13:34.587Z" },
    { url = "https://files.pythonhosted.org/packages/dc/19/40d676802390f85784235a05788fd28940923382e3f8b943d25febbb98b7/ruamel_yaml_clib-0.2.15-cp313-cp313-manylinux1_i686.manylinux_2_28_i686.manylinux_2_5_i686.whl", hash = "sha256:46895c17ead5e22bea5e576f1db7e41cb273e8d062c04a6a49013d9f60996c25", size = 731474, upload-time = "2025-11-16T20:22:49.934Z" },
    { url = "https://files.pythonhosted.org/packages/ce/bb/6ef5abfa43b48dd55c30d53e997f8f978722f02add61efba31380d73e42e/ruamel_yaml_clib-0.2.15-cp313-cp313-manylinux2014_aarch64.manylinux_2_17_aarch64.manylinux_2_28_aarch64.whl", hash = "sha256:3eb199178b08956e5be6288ee0b05b2fb0b5c1f309725ad25d9c6ea7e27f962a", size = 748047, upload-time = "2025-11-16T16:13:35.633Z" },
    { url = "https://files.pythonhosted.org/packages/ff/5d/e4f84c9c448613e12bd62e90b23aa127ea4c46b697f3d760acc32cb94f25/ruamel_yaml_clib-0.2.15-cp313-cp313-manylinux2014_x86_64.manylinux_2_17_x86_64.manylinux_2_28_x86_64.whl", hash = "sha256:4d1032919280ebc04a80e4fb1e93f7a738129857eaec9448310e638c8bccefcf", size = 782129, upload-time = "2025-11-16T16:13:36.781Z" },
    { url = "https://files.pythonhosted.org/packages/de/4b/e98086e88f76c00c88a6bcf15eae27a1454f661a9eb72b111e6bbb69024d/ruamel_yaml_clib-0.2.15-cp313-cp313-musllinux_1_2_aarch64.whl", hash = "sha256:ab0df0648d86a7ecbd9c632e8f8d6b21bb21b5fc9d9e095c796cacf32a728d2d", size = 736848, upload-time = "2025-11-16T16:13:37.952Z" },
    { url = "https://files.pythonhosted.org/packages/0c/5c/5964fcd1fd9acc53b7a3a5d9a05ea4f95ead9495d980003a557deb9769c7/ruamel_yaml_clib-0.2.15-cp313-cp313-musllinux_1_2_i686.whl", hash = "sha256:331fb180858dd8534f0e61aa243b944f25e73a4dae9962bd44c46d1761126bbf", size = 741630, upload-time = "2025-11-16T20:22:51.718Z" },
    { url = "https://files.pythonhosted.org/packages/07/1e/99660f5a30fceb58494598e7d15df883a07292346ef5696f0c0ae5dee8c6/ruamel_yaml_clib-0.2.15-cp313-cp313-musllinux_1_2_x86_64.whl", hash = "sha256:fd4c928ddf6bce586285daa6d90680b9c291cfd045fc40aad34e445d57b1bf51", size = 766619, upload-time = "2025-11-16T16:13:39.178Z" },
    { url = "https://files.pythonhosted.org/packages/36/2f/fa0344a9327b58b54970e56a27b32416ffbcfe4dcc0700605516708579b2/ruamel_yaml_clib-0.2.15-cp313-cp313-win32.whl", hash = "sha256:bf0846d629e160223805db9fe8cc7aec16aaa11a07310c50c8c7164efa440aec", size = 100171, upload-time = "2025-11-16T16:13:40.456Z" },
    { url = "https://files.pythonhosted.org/packages/06/c4/c124fbcef0684fcf3c9b72374c2a8c35c94464d8694c50f37eef27f5a145/ruamel_yaml_clib-0.2.15-cp313-cp313-win_amd64.whl", hash = "sha256:45702dfbea1420ba3450bb3dd9a80b33f0badd57539c6aac09f42584303e0db6", size = 118845, upload-time = "2025-11-16T16:13:41.481Z" },
    { url = "https://files.pythonhosted.org/packages/3e/bd/ab8459c8bb759c14a146990bf07f632c1cbec0910d4853feeee4be2ab8bb/ruamel_yaml_clib-0.2.15-cp314-cp314-macosx_10_15_x86_64.whl", hash = "sha256:753faf20b3a5906faf1fc50e4ddb8c074cb9b251e00b14c18b28492f933ac8ef", size = 147248, upload-time = "2025-11-16T16:13:42.872Z" },
    { url = "https://files.pythonhosted.org/packages/69/f2/c4cec0a30f1955510fde498aac451d2e52b24afdbcb00204d3a951b772c3/ruamel_yaml_clib-0.2.15-cp314-cp314-macosx_11_0_arm64.whl", hash = "sha256:480894aee0b29752560a9de46c0e5f84a82602f2bc5c6cde8db9a345319acfdf", size = 133764, upload-time = "2025-11-16T16:13:43.932Z" },
    { url = "https://files.pythonhosted.org/packages/82/c7/2480d062281385a2ea4f7cc9476712446e0c548cd74090bff92b4b49e898/ruamel_yaml_clib-0.2.15-cp314-cp314-manylinux1_i686.manylinux_2_28_i686.manylinux_2_5_i686.whl", hash = "sha256:4d3b58ab2454b4747442ac76fab66739c72b1e2bb9bd173d7694b9f9dbc9c000", size = 730537, upload-time = "2025-11-16T20:22:52.918Z" },
    { url = "https://files.pythonhosted.org/packages/75/08/e365ee305367559f57ba6179d836ecc3d31c7d3fdff2a40ebf6c32823a1f/ruamel_yaml_clib-0.2.15-cp314-cp314-manylinux2014_aarch64.manylinux_2_17_aarch64.manylinux_2_28_aarch64.whl", hash = "sha256:bfd309b316228acecfa30670c3887dcedf9b7a44ea39e2101e75d2654522acd4", size = 746944, upload-time = "2025-11-16T16:13:45.338Z" },
    { url = "https://files.pythonhosted.org/packages/a1/5c/8b56b08db91e569d0a4fbfa3e492ed2026081bdd7e892f63ba1c88a2f548/ruamel_yaml_clib-0.2.15-cp314-cp314-manylinux2014_x86_64.manylinux_2_17_x86_64.manylinux_2_28_x86_64.whl", hash = "sha256:2812ff359ec1f30129b62372e5f22a52936fac13d5d21e70373dbca5d64bb97c", size = 778249, upload-time = "2025-11-16T16:13:46.871Z" },
    { url = "https://files.pythonhosted.org/packages/6a/1d/70dbda370bd0e1a92942754c873bd28f513da6198127d1736fa98bb2a16f/ruamel_yaml_clib-0.2.15-cp314-cp314-musllinux_1_2_aarch64.whl", hash = "sha256:7e74ea87307303ba91073b63e67f2c667e93f05a8c63079ee5b7a5c8d0d7b043", size = 737140, upload-time = "2025-11-16T16:13:48.349Z" },
    { url = "https://files.pythonhosted.org/packages/5b/87/822d95874216922e1120afb9d3fafa795a18fdd0c444f5c4c382f6dac761/ruamel_yaml_clib-0.2.15-cp314-cp314-musllinux_1_2_i686.whl", hash = "sha256:713cd68af9dfbe0bb588e144a61aad8dcc00ef92a82d2e87183ca662d242f524", size = 741070, upload-time = "2025-11-16T20:22:54.151Z" },
    { url = "https://files.pythonhosted.org/packages/b9/17/4e01a602693b572149f92c983c1f25bd608df02c3f5cf50fd1f94e124a59/ruamel_yaml_clib-0.2.15-cp314-cp314-musllinux_1_2_x86_64.whl", hash = "sha256:542d77b72786a35563f97069b9379ce762944e67055bea293480f7734b2c7e5e", size = 765882, upload-time = "2025-11-16T16:13:49.526Z" },
    { url = "https://files.pythonhosted.org/packages/9f/17/7999399081d39ebb79e807314de6b611e1d1374458924eb2a489c01fc5ad/ruamel_yaml_clib-0.2.15-cp314-cp314-win32.whl", hash = "sha256:424ead8cef3939d690c4b5c85ef5b52155a231ff8b252961b6516ed7cf05f6aa", size = 102567, upload-time = "2025-11-16T16:13:50.78Z" },
    { url = "https://files.pythonhosted.org/packages/d2/67/be582a7370fdc9e6846c5be4888a530dcadd055eef5b932e0e85c33c7d73/ruamel_yaml_clib-0.2.15-cp314-cp314-win_amd64.whl", hash = "sha256:ac9b8d5fa4bb7fd2917ab5027f60d4234345fd366fe39aa711d5dca090aa1467", size = 122847, upload-time = "2025-11-16T16:13:51.807Z" },
]

[[package]]
name = "ruff"
version = "0.4.9"
source = { registry = "https://pypi.org/simple" }
sdist = { url = "https://files.pythonhosted.org/packages/81/53/e4e59acfc403dc93f0374f46244dd70e192d89620d6a28ca99f007b22d24/ruff-0.4.9.tar.gz", hash = "sha256:f1cb0828ac9533ba0135d148d214e284711ede33640465e706772645483427e3", size = 2575961, upload-time = "2024-06-14T15:19:30.344Z" }
wheels = [
    { url = "https://files.pythonhosted.org/packages/19/0e/cacefb59c6a7dd2bd1de5640902e2e690e52c11c2140f9fa93f764293e27/ruff-0.4.9-py3-none-macosx_10_12_x86_64.whl", hash = "sha256:b262ed08d036ebe162123170b35703aaf9daffecb698cd367a8d585157732991", size = 8530458, upload-time = "2024-06-14T15:18:25.606Z" },
    { url = "https://files.pythonhosted.org/packages/17/0e/2d7d11d34aa78427f19aaa40b2e2cf5d110dd66fab11106a4a316f4a159d/ruff-0.4.9-py3-none-macosx_11_0_arm64.whl", hash = "sha256:98ec2775fd2d856dc405635e5ee4ff177920f2141b8e2d9eb5bd6efd50e80317", size = 8159563, upload-time = "2024-06-14T15:18:38.082Z" },
    { url = "https://files.pythonhosted.org/packages/02/da/0500bbfbe41f6d94fb7307a3235e3f0759ec2e6d77180b6f8b80ea887d7b/ruff-0.4.9-py3-none-manylinux_2_17_aarch64.manylinux2014_aarch64.whl", hash = "sha256:4555056049d46d8a381f746680db1c46e67ac3b00d714606304077682832998e", size = 8191139, upload-time = "2024-06-14T15:18:41.341Z" },
    { url = "https://files.pythonhosted.org/packages/98/93/f031fc6dba56aba9aa22883e812b3cb16dc1dc6709fdbe20be738e31a724/ruff-0.4.9-py3-none-manylinux_2_17_armv7l.manylinux2014_armv7l.whl", hash = "sha256:e91175fbe48f8a2174c9aad70438fe9cb0a5732c4159b2a10a3565fea2d94cde", size = 7589498, upload-time = "2024-06-14T15:18:45.096Z" },
    { url = "https://files.pythonhosted.org/packages/57/10/bbffdc8e52b8711ee2c4570ce694f7adbd74a7f8eb2f31362e732cb60515/ruff-0.4.9-py3-none-manylinux_2_17_i686.manylinux2014_i686.whl", hash = "sha256:0e8e7b95673f22e0efd3571fb5b0cf71a5eaaa3cc8a776584f3b2cc878e46bff", size = 8780434, upload-time = "2024-06-14T15:18:48.589Z" },
    { url = "https://files.pythonhosted.org/packages/b7/4a/2adfbbf5268a23c4242f5e531bd52cf98647e3d3de15ed34722189892ac2/ruff-0.4.9-py3-none-manylinux_2_17_ppc64.manylinux2014_ppc64.whl", hash = "sha256:2d45ddc6d82e1190ea737341326ecbc9a61447ba331b0a8962869fcada758505", size = 9471119, upload-time = "2024-06-14T15:18:52.137Z" },
    { url = "https://files.pythonhosted.org/packages/8c/f4/ddd5645482d3a434129b90f3cbc86155ffbdfa356a43ac34a328dda70189/ruff-0.4.9-py3-none-manylinux_2_17_ppc64le.manylinux2014_ppc64le.whl", hash = "sha256:78de3fdb95c4af084087628132336772b1c5044f6e710739d440fc0bccf4d321", size = 9077527, upload-time = "2024-06-14T15:18:55.087Z" },
    { url = "https://files.pythonhosted.org/packages/ab/0a/9bd8a497aa874c32f3da7ed597a4c0c1853d745d26ea02a759d45d78f271/ruff-0.4.9-py3-none-manylinux_2_17_s390x.manylinux2014_s390x.whl", hash = "sha256:06b60f91bfa5514bb689b500a25ba48e897d18fea14dce14b48a0c40d1635893", size = 10216729, upload-time = "2024-06-14T15:18:58.026Z" },
    { url = "https://files.pythonhosted.org/packages/d3/2f/3a63f461895201c6836f7822f29ada06d9cbd4b506b152f1d2800c917853/ruff-0.4.9-py3-none-manylinux_2_17_x86_64.manylinux2014_x86_64.whl", hash = "sha256:88bffe9c6a454bf8529f9ab9091c99490578a593cc9f9822b7fc065ee0712a06", size = 8796158, upload-time = "2024-06-14T15:19:01.408Z" },
    { url = "https://files.pythonhosted.org/packages/1e/c8/8377e4a8677531805f081e5bc659dd7b24d780d2b628bde4904f0b98e658/ruff-0.4.9-py3-none-musllinux_1_2_aarch64.whl", hash = "sha256:673bddb893f21ab47a8334c8e0ea7fd6598ecc8e698da75bcd12a7b9d0a3206e", size = 8103975, upload-time = "2024-06-14T15:19:05.789Z" },
    { url = "https://files.pythonhosted.org/packages/dc/7a/5b2eebe8efd89f210b8fb8ad36af35fa9163cc38c2f34e1c13baa92433d4/ruff-0.4.9-py3-none-musllinux_1_2_armv7l.whl", hash = "sha256:8c1aff58c31948cc66d0b22951aa19edb5af0a3af40c936340cd32a8b1ab7438", size = 7590399, upload-time = "2024-06-14T15:19:09.169Z" },
    { url = "https://files.pythonhosted.org/packages/b0/78/b51631276d0db7ec9fe32490e6bc9206a3f670abc4a0ffeecdeeb0d45ac4/ruff-0.4.9-py3-none-musllinux_1_2_i686.whl", hash = "sha256:784d3ec9bd6493c3b720a0b76f741e6c2d7d44f6b2be87f5eef1ae8cc1d54c84", size = 8372311, upload-time = "2024-06-14T15:19:12.587Z" },
    { url = "https://files.pythonhosted.org/packages/8c/18/c9d717a0be15ca5aee55e918fe02a8dfca92a756a02b809671576f2920d8/ruff-0.4.9-py3-none-musllinux_1_2_x86_64.whl", hash = "sha256:732dd550bfa5d85af8c3c6cbc47ba5b67c6aed8a89e2f011b908fc88f87649db", size = 8858132, upload-time = "2024-06-14T15:19:16.146Z" },
    { url = "https://files.pythonhosted.org/packages/79/58/c4672c1d0debd608a1a00d395a5071ebeb519fdf0068f02e8fcfd490e0c4/ruff-0.4.9-py3-none-win32.whl", hash = "sha256:8064590fd1a50dcf4909c268b0e7c2498253273309ad3d97e4a752bb9df4f521", size = 7826658, upload-time = "2024-06-14T15:19:20.077Z" },
    { url = "https://files.pythonhosted.org/packages/cd/b2/3ac36982ae94cb78bfea85b79fbc868c9d2fb68bbbabf1e85ca9a9b2ba9a/ruff-0.4.9-py3-none-win_amd64.whl", hash = "sha256:e0a22c4157e53d006530c902107c7f550b9233e9706313ab57b892d7197d8e52", size = 8603542, upload-time = "2024-06-14T15:19:23.316Z" },
    { url = "https://files.pythonhosted.org/packages/11/9b/83e4ee4825cb66a724dd20aefda7d628cd56148fe1153feea513a3e8c53a/ruff-0.4.9-py3-none-win_arm64.whl", hash = "sha256:5d5460f789ccf4efd43f265a58538a2c24dbce15dbf560676e430375f20a8198", size = 7951797, upload-time = "2024-06-14T15:19:27.002Z" },
]

[[package]]
name = "shellingham"
version = "1.5.4"
source = { registry = "https://pypi.org/simple" }
sdist = { url = "https://files.pythonhosted.org/packages/58/15/8b3609fd3830ef7b27b655beb4b4e9c62313a4e8da8c676e142cc210d58e/shellingham-1.5.4.tar.gz", hash = "sha256:8dbca0739d487e5bd35ab3ca4b36e11c4078f3a234bfce294b0a0291363404de", size = 10310, upload-time = "2023-10-24T04:13:40.426Z" }
wheels = [
    { url = "https://files.pythonhosted.org/packages/e0/f9/0595336914c5619e5f28a1fb793285925a8cd4b432c9da0a987836c7f822/shellingham-1.5.4-py2.py3-none-any.whl", hash = "sha256:7ecfff8f2fd72616f7481040475a65b2bf8af90a56c89140852d1120324e8686", size = 9755, upload-time = "2023-10-24T04:13:38.866Z" },
]

[[package]]
name = "sniffio"
version = "1.3.1"
source = { registry = "https://pypi.org/simple" }
sdist = { url = "https://files.pythonhosted.org/packages/a2/87/a6771e1546d97e7e041b6ae58d80074f81b7d5121207425c964ddf5cfdbd/sniffio-1.3.1.tar.gz", hash = "sha256:f4324edc670a0f49750a81b895f35c3adb843cca46f0530f79fc1babb23789dc", size = 20372, upload-time = "2024-02-25T23:20:04.057Z" }
wheels = [
    { url = "https://files.pythonhosted.org/packages/e9/44/75a9c9421471a6c4805dbf2356f7c181a29c1879239abab1ea2cc8f38b40/sniffio-1.3.1-py3-none-any.whl", hash = "sha256:2f6da418d1f1e0fddd844478f41680e794e6051915791a034ff65e5f100525a2", size = 10235, upload-time = "2024-02-25T23:20:01.196Z" },
]

[[package]]
name = "typer"
version = "0.12.3"
source = { registry = "https://pypi.org/simple" }
dependencies = [
    { name = "click" },
    { name = "rich" },
    { name = "shellingham" },
    { name = "typing-extensions" },
]
sdist = { url = "https://files.pythonhosted.org/packages/ac/0a/d55af35db5f50f486e3eda0ada747eed773859e2699d3ce570b682a9b70a/typer-0.12.3.tar.gz", hash = "sha256:49e73131481d804288ef62598d97a1ceef3058905aa536a1134f90891ba35482", size = 94276, upload-time = "2024-04-09T17:14:03.893Z" }
wheels = [
    { url = "https://files.pythonhosted.org/packages/20/b5/11cf2e34fbb11b937e006286ab5b8cfd334fde1c8fa4dd7f491226931180/typer-0.12.3-py3-none-any.whl", hash = "sha256:070d7ca53f785acbccba8e7d28b08dcd88f79f1fbda035ade0aecec71ca5c914", size = 47209, upload-time = "2024-04-09T17:13:25.476Z" },
]

[[package]]
name = "typing-extensions"
version = "4.15.0"
source = { registry = "https://pypi.org/simple" }
sdist = { url = "https://files.pythonhosted.org/packages/72/94/1a15dd82efb362ac84269196e94cf00f187f7ed21c242792a923cdb1c61f/typing_extensions-4.15.0.tar.gz", hash = "sha256:0cea48d173cc12fa28ecabc3b837ea3cf6f38c6d1136f85cbaaf598984861466", size = 109391, upload-time = "2025-08-25T13:49:26.313Z" }
wheels = [
    { url = "https://files.pythonhosted.org/packages/18/67/36e9267722cc04a6b9f15c7f3441c2363321a3ea07da7ae0c0707beb2a9c/typing_extensions-4.15.0-py3-none-any.whl", hash = "sha256:f0fa19c6845758ab08074a0cfa8b7aecb71c999ca73d62883bc25cc018c4e548", size = 44614, upload-time = "2025-08-25T13:49:24.86Z" },
]
